
Microsoft Visual Studio Solution File, Format Version 12.00
# Visual Studio Version 17
VisualStudioVersion = 17.11.35222.181
MinimumVisualStudioVersion = 10.0.40219.1
Project("{FAE04EC0-301F-11D3-BF4B-00C04F79EFBC}") = "ToDo.Domain", "ToDo.Domain\ToDo.Domain.csproj", "{279C0C0F-0790-4052-9348-B88B70D199A4}"
EndProject
Project("{FAE04EC0-301F-11D3-BF4B-00C04F79EFBC}") = "ToDo.Application", "ToDo.Application\ToDo.Application.csproj", "{7152C071-CF0E-4433-AE0F-6075146E7970}"
EndProject
Project("{FAE04EC0-301F-11D3-BF4B-00C04F79EFBC}") = "ToDo.Infrastructure", "ToDo.Infrastructure\ToDo.Infrastructure.csproj", "{FD52FFB6-1BA1-42FA-BF7A-85558DF0AA29}"
EndProject
Project("{FAE04EC0-301F-11D3-BF4B-00C04F79EFBC}") = "ToDo.Presentation", "ToDo.Presentation\ToDo.Presentation.csproj", "{8A534E29-F25A-400E-A9EE-94741D0B69F9}"
EndProject
Project("{FAE04EC0-301F-11D3-BF4B-00C04F79EFBC}") = "ToDo.IOC", "ToDo.IOC\ToDo.IOC.csproj", "{99911BA1-EF5D-46AB-8722-5C47F9C70834}"
EndProject
Global
	GlobalSection(SolutionConfigurationPlatforms) = preSolution
		Debug|Any CPU = Debug|Any CPU
		Release|Any CPU = Release|Any CPU
	EndGlobalSection
	GlobalSection(ProjectConfigurationPlatforms) = postSolution
		{279C0C0F-0790-4052-9348-B88B70D199A4}.Debug|Any CPU.ActiveCfg = Debug|Any CPU
		{279C0C0F-0790-4052-9348-B88B70D199A4}.Debug|Any CPU.Build.0 = Debug|Any CPU
		{279C0C0F-0790-4052-9348-B88B70D199A4}.Release|Any CPU.ActiveCfg = Release|Any CPU
		{279C0C0F-0790-4052-9348-B88B70D199A4}.Release|Any CPU.Build.0 = Release|Any CPU
		{7152C071-CF0E-4433-AE0F-6075146E7970}.Debug|Any CPU.ActiveCfg = Debug|Any CPU
		{7152C071-CF0E-4433-AE0F-6075146E7970}.Debug|Any CPU.Build.0 = Debug|Any CPU
		{7152C071-CF0E-4433-AE0F-6075146E7970}.Release|Any CPU.ActiveCfg = Release|Any CPU
		{7152C071-CF0E-4433-AE0F-6075146E7970}.Release|Any CPU.Build.0 = Release|Any CPU
		{FD52FFB6-1BA1-42FA-BF7A-85558DF0AA29}.Debug|Any CPU.ActiveCfg = Debug|Any CPU
		{FD52FFB6-1BA1-42FA-BF7A-85558DF0AA29}.Debug|Any CPU.Build.0 = Debug|Any CPU
		{FD52FFB6-1BA1-42FA-BF7A-85558DF0AA29}.Release|Any CPU.ActiveCfg = Release|Any CPU
		{FD52FFB6-1BA1-42FA-BF7A-85558DF0AA29}.Release|Any CPU.Build.0 = Release|Any CPU
		{8A534E29-F25A-400E-A9EE-94741D0B69F9}.Debug|Any CPU.ActiveCfg = Debug|Any CPU
		{8A534E29-F25A-400E-A9EE-94741D0B69F9}.Debug|Any CPU.Build.0 = Debug|Any CPU
		{8A534E29-F25A-400E-A9EE-94741D0B69F9}.Release|Any CPU.ActiveCfg = Release|Any CPU
		{8A534E29-F25A-400E-A9EE-94741D0B69F9}.Release|Any CPU.Build.0 = Release|Any CPU
		{99911BA1-EF5D-46AB-8722-5C47F9C70834}.Debug|Any CPU.ActiveCfg = Debug|Any CPU
		{99911BA1-EF5D-46AB-8722-5C47F9C70834}.Debug|Any CPU.Build.0 = Debug|Any CPU
		{99911BA1-EF5D-46AB-8722-5C47F9C70834}.Release|Any CPU.ActiveCfg = Release|Any CPU
		{99911BA1-EF5D-46AB-8722-5C47F9C70834}.Release|Any CPU.Build.0 = Release|Any CPU
	EndGlobalSection
	GlobalSection(SolutionProperties) = preSolution
		HideSolutionNode = FALSE
	EndGlobalSection
	GlobalSection(ExtensibilityGlobals) = postSolution
		SolutionGuid = {E5560E92-9CF4-46DC-B2E8-B78583C7ED8F}
	EndGlobalSection
EndGlobal
